// !$*UTF8*$!
{
	archiveVersion = 1;
	classes = {
	};
	objectVersion = 46;
	objects = {

/* Begin PBXBuildFile section */
		11740BF81DA3AA8B00CBD1A8 /* main.cpp in Sources */ = {isa = PBXBuildFile; fileRef = 11740BF71DA3AA8B00CBD1A8 /* main.cpp */; };
/* End PBXBuildFile section */

/* Begin PBXCopyFilesBuildPhase section */
		11740BF21DA3AA8B00CBD1A8 /* CopyFiles */ = {
			isa = PBXCopyFilesBuildPhase;
			buildActionMask = 2147483647;
			dstPath = /usr/share/man/man1/;
			dstSubfolderSpec = 0;
			files = (
			);
			runOnlyForDeploymentPostprocessing = 1;
		};
/* End PBXCopyFilesBuildPhase section */

/* Begin PBXFileReference section */
		11740BF41DA3AA8B00CBD1A8 /* geograph3d */ = {isa = PBXFileReference; explicitFileType = "compiled.mach-o.executable"; includeInIndex = 0; path = geograph3d; sourceTree = BUILT_PRODUCTS_DIR; };
		11740BF71DA3AA8B00CBD1A8 /* main.cpp */ = {isa = PBXFileReference; lastKnownFileType = sourcecode.cpp.cpp; path = main.cpp; sourceTree = "<group>"; };
/* End PBXFileReference section */

/* Begin PBXFrameworksBuildPhase section */
		11740BF11DA3AA8B00CBD1A8 /* Frameworks */ = {
			isa = PBXFrameworksBuildPhase;
			buildActionMask = 2147483647;
			files = (
			);
			runOnlyForDeploymentPostprocessing = 0;
		};
/* End PBXFrameworksBuildPhase section */

/* Begin PBXGroup section */
		11740BEB1DA3AA8B00CBD1A8 = {
			isa = PBXGroup;
			children = (
				11740BF61DA3AA8B00CBD1A8 /* geograph3d */,
				11740BF51DA3AA8B00CBD1A8 /* Products */,
			);
			sourceTree = "<group>";
		};
		11740BF51DA3AA8B00CBD1A8 /* Products */ = {
			isa = PBXGroup;
			children = (
				11740BF41DA3AA8B00CBD1A8 /* geograph3d */,
			);
			name = Products;
			sourceTree = "<group>";
		};
		11740BF61DA3AA8B00CBD1A8 /* geograph3d */ = {
			isa = PBXGroup;
			children = (
				11740BF71DA3AA8B00CBD1A8 /* main.cpp */,
			);
			path = geograph3d;
			sourceTree = "<group>";
		};
/* End PBXGroup section */

/* Begin PBXNativeTarget section */
		11740BF31DA3AA8B00CBD1A8 /* geograph3d */ = {
			isa = PBXNativeTarget;
			buildConfigurationList = 11740BFB1DA3AA8B00CBD1A8 /* Build configuration list for PBXNativeTarget "geograph3d" */;
			buildPhases = (
				11740BF01DA3AA8B00CBD1A8 /* Sources */,
				11740BF11DA3AA8B00CBD1A8 /* Frameworks */,
				11740BF21DA3AA8B00CBD1A8 /* CopyFiles */,
			);
			buildRules = (
			);
			dependencies = (
			);
			name = geograph3d;
			productName = geograph3d;
			productReference = 11740BF41DA3AA8B00CBD1A8 /* geograph3d */;
			productType = "com.apple.product-type.tool";
		};
/* End PBXNativeTarget section */

/* Begin PBXProject section */
		11740BEC1DA3AA8B00CBD1A8 /* Project object */ = {
			isa = PBXProject;
			attributes = {
				LastUpgradeCheck = 0800;
				ORGANIZATIONNAME = "ALEXANDER GARIN";
				TargetAttributes = {
					11740BF31DA3AA8B00CBD1A8 = {
						CreatedOnToolsVersion = 8.0;
						DevelopmentTeam = 2C2B3GWCW4;
						ProvisioningStyle = Automatic;
					};
				};
			};
			buildConfigurationList = 11740BEF1DA3AA8B00CBD1A8 /* Build configuration list for PBXProject "geograph3d" */;
			compatibilityVersion = "Xcode 3.2";
			developmentRegion = English;
			hasScannedForEncodings = 0;
			knownRegions = (
				en,
			);
			mainGroup = 11740BEB1DA3AA8B00CBD1A8;
			productRefGroup = 11740BF51DA3AA8B00CBD1A8 /* Products */;
			projectDirPath = "";
			projectRoot = "";
			targets = (
				11740BF31DA3AA8B00CBD1A8 /* geograph3d */,
			);
		};
/* End PBXProject section */

/* Begin PBXSourcesBuildPhase section */
		11740BF01DA3AA8B00CBD1A8 /* Sources */ = {
			isa = PBXSourcesBuildPhase;
			buildActionMask = 2147483647;
			files = (
				11740BF81DA3AA8B00CBD1A8 /* main.cpp in Sources */,
			);
			runOnlyForDeploymentPostprocessing = 0;
		};
/* End PBXSourcesBuildPhase section */

/* Begin XCBuildConfiguration section */
		11740BF91DA3AA8B00CBD1A8 /* Debug */ = {
			isa = XCBuildConfiguration;
			buildSettings = {
				ALWAYS_SEARCH_USER_PATHS = NO;
				CLANG_ANALYZER_NONNULL = YES;
				CLANG_CXX_LANGUAGE_STANDARD = "gnu++0x";
				CLANG_CXX_LIBRARY = "libc++";
				CLANG_ENABLE_MODULES = YES;
				CLANG_ENABLE_OBJC_ARC = YES;
				CLANG_WARN_BOOL_CONVERSION = YES;
				CLANG_WARN_CONSTANT_CONVERSION = YES;
				CLANG_WARN_DIRECT_OBJC_ISA_USAGE = YES_ERROR;
				CLANG_WARN_DOCUMENTATION_COMMENTS = YES;
				CLANG_WARN_EMPTY_BODY = YES;
				CLANG_WARN_ENUM_CONVERSION = YES;
				CLANG_WARN_INFINITE_RECURSION = YES;
				CLANG_WARN_INT_CONVERSION = YES;
				CLANG_WARN_OBJC_ROOT_CLASS = YES_ERROR;
				CLANG_WARN_SUSPICIOUS_MOVES = YES;
				CLANG_WARN_UNREACHABLE_CODE = YES;
				CLANG_WARN__DUPLICATE_METHOD_MATCH = YES;
				CODE_SIGN_IDENTITY = "-";
				COPY_PHASE_STRIP = NO;
				DEBUG_INFORMATION_FORMAT = dwarf;
				ENABLE_STRICT_OBJC_MSGSEND = YES;
				ENABLE_TESTABILITY = YES;
				GCC_C_LANGUAGE_STANDARD = gnu99;
				GCC_DYNAMIC_NO_PIC = NO;
				GCC_NO_COMMON_BLOCKS = YES;
				GCC_OPTIMIZATION_LEVEL = 0;
				GCC_PREPROCESSOR_DEFINITIONS = (
					"DEBUG=1",
					"$(inherited)",
				);
				GCC_WARN_64_TO_32_BIT_CONVERSION = YES;
				GCC_WARN_ABOUT_RETURN_TYPE = YES_ERROR;
				GCC_WARN_UNDECLARED_SELECTOR = YES;
				GCC_WARN_UNINITIALIZED_AUTOS = YES_AGGRESSIVE;
				GCC_WARN_UNUSED_FUNCTION = YES;
				GCC_WARN_UNUSED_VARIABLE = YES;
				MACOSX_DEPLOYMENT_TARGET = 10.11;
				MTL_ENABLE_DEBUG_INFO = YES;
				ONLY_ACTIVE_ARCH = YES;
				SDKROOT = macosx;
			};
			name = Debug;
		};
		11740BFA1DA3AA8B00CBD1A8 /* Release */ = {
			isa = XCBuildConfiguration;
			buildSettings = {
				ALWAYS_SEARCH_USER_PATHS = NO;
				CLANG_ANALYZER_NONNULL = YES;
				CLANG_CXX_LANGUAGE_STANDARD = "gnu++0x";
				CLANG_CXX_LIBRARY = "libc++";
				CLANG_ENABLE_MODULES = YES;
				CLANG_ENABLE_OBJC_ARC = YES;
				CLANG_WARN_BOOL_CONVERSION = YES;
				CLANG_WARN_CONSTANT_CONVERSION = YES;
				CLANG_WARN_DIRECT_OBJC_ISA_USAGE = YES_ERROR;
				CLANG_WARN_DOCUMENTATION_COMMENTS = YES;
				CLANG_WARN_EMPTY_BODY = YES;
				CLANG_WARN_ENUM_CONVERSION = YES;
				CLANG_WARN_INFINITE_RECURSION = YES;
				CLANG_WARN_INT_CONVERSION = YES;
				CLANG_WARN_OBJC_ROOT_CLASS = YES_ERROR;
				CLANG_WARN_SUSPICIOUS_MOVES = YES;
				CLANG_WARN_UNREACHABLE_CODE = YES;
				CLANG_WARN__DUPLICATE_METHOD_MATCH = YES;
				CODE_SIGN_IDENTITY = "-";
				COPY_PHASE_STRIP = NO;
				DEBUG_INFORMATION_FORMAT = "dwarf-with-dsym";
				ENABLE_NS_ASSERTIONS = NO;
				ENABLE_STRICT_OBJC_MSGSEND = YES;
				GCC_C_LANGUAGE_STANDARD = gnu99;
				GCC_NO_COMMON_BLOCKS = YES;
				GCC_WARN_64_TO_32_BIT_CONVERSION = YES;
				GCC_WARN_ABOUT_RETURN_TYPE = YES_ERROR;
				GCC_WARN_UNDECLARED_SELECTOR = YES;
				GCC_WARN_UNINITIALIZED_AUTOS = YES_AGGRESSIVE;
				GCC_WARN_UNUSED_FUNCTION = YES;
				GCC_WARN_UNUSED_VARIABLE = YES;
				MACOSX_DEPLOYMENT_TARGET = 10.11;
				MTL_ENABLE_DEBUG_INFO = NO;
				SDKROOT = macosx;
			};
			name = Release;
		};
		11740BFC1DA3AA8B00CBD1A8 /* Debug */ = {
			isa = XCBuildConfiguration;
			buildSettings = {
				DEVELOPMENT_TEAM = 2C2B3GWCW4;
				PRODUCT_NAME = "$(TARGET_NAME)";
			};
			name = Debug;
		};
		11740BFD1DA3AA8B00CBD1A8 /* Release */ = {
			isa = XCBuildConfiguration;
			buildSettings = {
				DEVELOPMENT_TEAM = 2C2B3GWCW4;
				PRODUCT_NAME = "$(TARGET_NAME)";
			};
			name = Release;
		};
/* End XCBuildConfiguration section */

/* Begin XCConfigurationList section */
		11740BEF1DA3AA8B00CBD1A8 /* Build configuration list for PBXProject "geograph3d" */ = {
			isa = XCConfigurationList;
			buildConfigurations = (
				11740BF91DA3AA8B00CBD1A8 /* Debug */,
				11740BFA1DA3AA8B00CBD1A8 /* Release */,
			);
			defaultConfigurationIsVisible = 0;
			defaultConfigurationName = Release;
		};
		11740BFB1DA3AA8B00CBD1A8 /* Build configuration list for PBXNativeTarget "geograph3d" */ = {
			isa = XCConfigurationList;
			buildConfigurations = (
				11740BFC1DA3AA8B00CBD1A8 /* Debug */,
				11740BFD1DA3AA8B00CBD1A8 /* Release */,
			);
			defaultConfigurationIsVisible = 0;
		};
/* End XCConfigurationList section */
	};
	rootObject = 11740BEC1DA3AA8B00CBD1A8 /* Project object */;
}
